<?xml version="1.0" encoding="utf-8"?>
<Project ToolsVersion="4.0" xmlns="http://schemas.microsoft.com/developer/msbuild/2003">
  <ItemGroup>
    <Filter Include="Source Files">
      <UniqueIdentifier>{970c0f77-696a-446a-9481-f11548f36279}</UniqueIdentifier>
      <Extensions>cpp;c;cxx;rc;def;r;odl;idl;hpj;bat</Extensions>
    </Filter>
    <Filter Include="Header Files">
      <UniqueIdentifier>{dc6344dc-9cde-486e-97b4-e65d6c90819d}</UniqueIdentifier>
      <Extensions>h;hpp;hxx;hm;inl</Extensions>
    </Filter>
    <Filter Include="Resource Files">
      <UniqueIdentifier>{de2abd69-9817-4992-83ff-92f2a6c4b3ff}</UniqueIdentifier>
      <Extensions>ico;cur;bmp;dlg;rc2;rct;bin;cnt;rtf;gif;jpg;jpeg;jpe</Extensions>
    </Filter>
  </ItemGroup>
  <ItemGroup>
    <ClCompile Include="dib256.cpp">
      <Filter>Source Files</Filter>
    </ClCompile>
    <ClCompile Include="dibpal.cpp">
      <Filter>Source Files</Filter>
    </ClCompile>
    <ClCompile Include="JaDisplay.cpp">
      <Filter>Source Files</Filter>
    </ClCompile>
    <ClCompile Include="JaMB.cpp">
      <Filter>Source Files</Filter>
    </ClCompile>
    <ClCompile Include="JaStatic.cpp">
      <Filter>Source Files</Filter>
    </ClCompile>
    <ClCompile Include="MBThread.cpp">
      <Filter>Source Files</Filter>
    </ClCompile>
    <ClCompile Include="StdAfx.cpp">
      <Filter>Source Files</Filter>
    </ClCompile>
    <ClCompile Include="tblResults.cpp">
      <Filter>Source Files</Filter>
    </ClCompile>
    <ClCompile Include="JaMBDlg.cpp">
      <Filter>Source Files</Filter>
    </ClCompile>
    <ClCompile Include="ClientSocket.cpp">
      <Filter>Source Files</Filter>
    </ClCompile>
    <ClCompile Include="trace.cpp">
      <Filter>Source Files</Filter>
    </ClCompile>
  </ItemGroup>
  <ItemGroup>
    <ResourceCompile Include="JaMB.rc">
      <Filter>Source Files</Filter>
    </ResourceCompile>
  </ItemGroup>
  <ItemGroup>
    <ClInclude Include="dib256.h">
      <Filter>Header Files</Filter>
    </ClInclude>
    <ClInclude Include="dibpal.h">
      <Filter>Header Files</Filter>
    </ClInclude>
    <ClInclude Include="JaDisplay.h">
      <Filter>Header Files</Filter>
    </ClInclude>
    <ClInclude Include="JaMB.h">
      <Filter>Header Files</Filter>
    </ClInclude>
    <ClInclude Include="JaMBDlg.h">
      <Filter>Header Files</Filter>
    </ClInclude>
    <ClInclude Include="JaStatic.h">
      <Filter>Header Files</Filter>
    </ClInclude>
    <ClInclude Include="MBThread.h">
      <Filter>Header Files</Filter>
    </ClInclude>
    <ClInclude Include="Resource.h">
      <Filter>Header Files</Filter>
    </ClInclude>
    <ClInclude Include="StdAfx.h">
      <Filter>Header Files</Filter>
    </ClInclude>
    <ClInclude Include="tblResults.h">
      <Filter>Header Files</Filter>
    </ClInclude>
    <ClInclude Include="ClientSocket.h">
      <Filter>Header Files</Filter>
    </ClInclude>
  </ItemGroup>
  <ItemGroup>
    <Image Include="res\bitmap1.bmp">
      <Filter>Resource Files</Filter>
    </Image>
    <Image Include="res\MNSeal.ico">
      <Filter>Resource Files</Filter>
    </Image>
  </ItemGroup>
  <ItemGroup>
    <Text Include="ReadMe.txt" />
  </ItemGroup>
  <ItemGroup>
    <CustomBuild Include="res\JaMB.rc2">
      <Filter>Resource Files</Filter>
    </CustomBuild>
  </ItemGroup>
</Project>