
Microsoft Visual Studio Solution File, Format Version 12.00
# Visual Studio Version 17
VisualStudioVersion = 17.7.34031.279
MinimumVisualStudioVersion = 10.0.40219.1
Project("{8BC9CEB8-8B4A-11D0-8D11-00A0C91BC942}") = "JaVM", "JaVM\JaVM.vcxproj", "{C16F9E05-6639-4597-B355-E92F9267F838}"
EndProject
Project("{8BC9CEB8-8B4A-11D0-8D11-00A0C91BC942}") = "JaVE", "JaVE\JaVE.vcxproj", "{97720327-4648-4CC9-AE06-942D47F268B5}"
EndProject
Project("{8BC9CEB8-8B4A-11D0-8D11-00A0C91BC942}") = "JaMaint", "JaMaint\JaMaint.vcxproj", "{C9D1B57F-EF2F-4525-9AAA-9DD67A695859}"
EndProject
Project("{8BC9CEB8-8B4A-11D0-8D11-00A0C91BC942}") = "JaMB", "JaMB\JaMB.vcxproj", "{785FCF6F-EFE2-4225-9A0B-57AA23F270CD}"
EndProject
Project("{8BC9CEB8-8B4A-11D0-8D11-00A0C91BC942}") = "JaRC", "JaRC\JaRC.vcxproj", "{C03B9DE5-458B-409C-BA80-66EA8827FBA6}"
EndProject
Project("{8BC9CEB8-8B4A-11D0-8D11-00A0C91BC942}") = "JaSpeaker", "JaSpeaker\JaSpeaker.vcxproj", "{DE7149CB-BD0B-4615-AB7F-7AC492F41127}"
EndProject
Project("{8BC9CEB8-8B4A-11D0-8D11-00A0C91BC942}") = "JaVideo", "JaVideo\JaVideo.vcxproj", "{403FEC63-8CE0-40DF-9039-8F036AE3973B}"
EndProject
Project("{8BC9CEB8-8B4A-11D0-8D11-00A0C91BC942}") = "JaLCD", "JaLCD\JaLCD.vcxproj", "{E925F9D0-38E2-438D-8209-06AE8156D861}"
EndProject
Project("{8BC9CEB8-8B4A-11D0-8D11-00A0C91BC942}") = "JaLED", "JaLED\JaLED.vcxproj", "{2781EE21-77B6-4EFC-8AB7-521FEBB5CB0E}"
EndProject
Project("{8BC9CEB8-8B4A-11D0-8D11-00A0C91BC942}") = "JaLCDConsole", "JaLCDConsole\JaLCDConsole.vcxproj", "{0833ABDD-D694-4B06-9B09-12555B402AA7}"
EndProject
Project("{8BC9CEB8-8B4A-11D0-8D11-00A0C91BC942}") = "RemoteVote", "JaRemote\JaRemote.vcxproj", "{4A2BACCB-3263-40BB-B5B2-CEBEEF59DCF1}"
EndProject
Project("{8BC9CEB8-8B4A-11D0-8D11-00A0C91BC942}") = "Setup", "JaSetup\JaSetup.vcxproj", "{4756E0ED-D296-49ED-82A5-AAB9C106B717}"
EndProject
Project("{8BC9CEB8-8B4A-11D0-8D11-00A0C91BC942}") = "JaCallIn", "JaCallIn\JaCallIn.vcxproj", "{4BCE42A2-4346-4352-90AF-1F0134F23A9E}"
EndProject
Project("{54435603-DBB4-11D2-8724-00A0C9A8B90C}") = "RemoteSetup", "JaRemoteSetup\JaRemoteSetup.vdproj", "{49A9B603-02D6-40C0-A202-8AB65182FBFD}"
EndProject
Project("{8BC9CEB8-8B4A-11D0-8D11-00A0C91BC942}") = "JaSper", "JaStress\JaStress.vcxproj", "{B17BC639-E64F-446C-A4D8-DD74E4A8D4B7}"
EndProject
Project("{8BC9CEB8-8B4A-11D0-8D11-00A0C91BC942}") = "DebateQueue", "DebateQueue\DebateQueue.vcxproj", "{FF0F7BA9-59F8-44FE-BC00-914CA5FB3A56}"
EndProject
Project("{8BC9CEB8-8B4A-11D0-8D11-00A0C91BC942}") = "RealTimeView", "RealTimeView\RealTimeView.vcxproj", "{27ECEAFD-8089-4348-9861-86DA37E02B0D}"
EndProject
Project("{8BC9CEB8-8B4A-11D0-8D11-00A0C91BC942}") = "FileIo", "FileIo\FileIo.vcxproj", "{78CD199D-7F46-4012-8A20-C13E2576EF92}"
EndProject
Project("{54435603-DBB4-11D2-8724-00A0C9A8B90C}") = "RemoteOnlySetup", "RemoteOnlySetup\RemoteOnlySetup.vdproj", "{8BAF78A3-B3C5-4D7B-9D87-C30D4975F672}"
EndProject
Project("{8BC9CEB8-8B4A-11D0-8D11-00A0C91BC942}") = "LCDDisplay", "LCDDisplay\LCDDisplay.vcxproj", "{A45BC182-407A-4D0C-8772-E9DDCE6E466E}"
EndProject
Project("{8BC9CEB8-8B4A-11D0-8D11-00A0C91BC942}") = "RemoteQueue", "RemoteQueue\RemoteQueue.vcxproj", "{5AF714BC-AE3D-4D06-AB0B-5A2F9AB1EB57}"
EndProject
Project("{8BC9CEB8-8B4A-11D0-8D11-00A0C91BC942}") = "RemoteView", "RemoteView\RemoteView.vcxproj", "{377F1B6E-B5D9-4069-8E26-79BEA26BE55D}"
EndProject
Global
	GlobalSection(SolutionConfigurationPlatforms) = preSolution
		Debug|ARM = Debug|ARM
		Debug|Win32 = Debug|Win32
		Debug|x64 = Debug|x64
		Release|ARM = Release|ARM
		Release|Win32 = Release|Win32
		Release|x64 = Release|x64
		Template|ARM = Template|ARM
		Template|Win32 = Template|Win32
		Template|x64 = Template|x64
	EndGlobalSection
	GlobalSection(ProjectConfigurationPlatforms) = postSolution
		{C16F9E05-6639-4597-B355-E92F9267F838}.Debug|ARM.ActiveCfg = Debug|Win32
		{C16F9E05-6639-4597-B355-E92F9267F838}.Debug|Win32.ActiveCfg = Debug|Win32
		{C16F9E05-6639-4597-B355-E92F9267F838}.Debug|Win32.Build.0 = Debug|Win32
		{C16F9E05-6639-4597-B355-E92F9267F838}.Debug|x64.ActiveCfg = Debug|Win32
		{C16F9E05-6639-4597-B355-E92F9267F838}.Debug|x64.Build.0 = Debug|Win32
		{C16F9E05-6639-4597-B355-E92F9267F838}.Release|ARM.ActiveCfg = Release|Win32
		{C16F9E05-6639-4597-B355-E92F9267F838}.Release|Win32.ActiveCfg = Release|Win32
		{C16F9E05-6639-4597-B355-E92F9267F838}.Release|Win32.Build.0 = Release|Win32
		{C16F9E05-6639-4597-B355-E92F9267F838}.Release|x64.ActiveCfg = Release|Win32
		{C16F9E05-6639-4597-B355-E92F9267F838}.Template|ARM.ActiveCfg = Release|Win32
		{C16F9E05-6639-4597-B355-E92F9267F838}.Template|ARM.Build.0 = Release|Win32
		{C16F9E05-6639-4597-B355-E92F9267F838}.Template|Win32.ActiveCfg = Release|Win32
		{C16F9E05-6639-4597-B355-E92F9267F838}.Template|Win32.Build.0 = Release|Win32
		{C16F9E05-6639-4597-B355-E92F9267F838}.Template|x64.ActiveCfg = Release|Win32
		{C16F9E05-6639-4597-B355-E92F9267F838}.Template|x64.Build.0 = Release|Win32
		{97720327-4648-4CC9-AE06-942D47F268B5}.Debug|ARM.ActiveCfg = Debug|Win32
		{97720327-4648-4CC9-AE06-942D47F268B5}.Debug|Win32.ActiveCfg = Debug|Win32
		{97720327-4648-4CC9-AE06-942D47F268B5}.Debug|Win32.Build.0 = Debug|Win32
		{97720327-4648-4CC9-AE06-942D47F268B5}.Debug|x64.ActiveCfg = Debug|Win32
		{97720327-4648-4CC9-AE06-942D47F268B5}.Debug|x64.Build.0 = Debug|Win32
		{97720327-4648-4CC9-AE06-942D47F268B5}.Release|ARM.ActiveCfg = Release|Win32
		{97720327-4648-4CC9-AE06-942D47F268B5}.Release|Win32.ActiveCfg = Release|Win32
		{97720327-4648-4CC9-AE06-942D47F268B5}.Release|Win32.Build.0 = Release|Win32
		{97720327-4648-4CC9-AE06-942D47F268B5}.Release|x64.ActiveCfg = Release|Win32
		{97720327-4648-4CC9-AE06-942D47F268B5}.Template|ARM.ActiveCfg = Release|Win32
		{97720327-4648-4CC9-AE06-942D47F268B5}.Template|ARM.Build.0 = Release|Win32
		{97720327-4648-4CC9-AE06-942D47F268B5}.Template|Win32.ActiveCfg = Release|Win32
		{97720327-4648-4CC9-AE06-942D47F268B5}.Template|Win32.Build.0 = Release|Win32
		{97720327-4648-4CC9-AE06-942D47F268B5}.Template|x64.ActiveCfg = Release|Win32
		{97720327-4648-4CC9-AE06-942D47F268B5}.Template|x64.Build.0 = Release|Win32
		{C9D1B57F-EF2F-4525-9AAA-9DD67A695859}.Debug|ARM.ActiveCfg = Debug|Win32
		{C9D1B57F-EF2F-4525-9AAA-9DD67A695859}.Debug|Win32.ActiveCfg = Debug|Win32
		{C9D1B57F-EF2F-4525-9AAA-9DD67A695859}.Debug|Win32.Build.0 = Debug|Win32
		{C9D1B57F-EF2F-4525-9AAA-9DD67A695859}.Debug|x64.ActiveCfg = Debug|Win32
		{C9D1B57F-EF2F-4525-9AAA-9DD67A695859}.Debug|x64.Build.0 = Debug|Win32
		{C9D1B57F-EF2F-4525-9AAA-9DD67A695859}.Release|ARM.ActiveCfg = Release|Win32
		{C9D1B57F-EF2F-4525-9AAA-9DD67A695859}.Release|Win32.ActiveCfg = Release|Win32
		{C9D1B57F-EF2F-4525-9AAA-9DD67A695859}.Release|Win32.Build.0 = Release|Win32
		{C9D1B57F-EF2F-4525-9AAA-9DD67A695859}.Release|x64.ActiveCfg = Release|Win32
		{C9D1B57F-EF2F-4525-9AAA-9DD67A695859}.Template|ARM.ActiveCfg = Release|Win32
		{C9D1B57F-EF2F-4525-9AAA-9DD67A695859}.Template|ARM.Build.0 = Release|Win32
		{C9D1B57F-EF2F-4525-9AAA-9DD67A695859}.Template|Win32.ActiveCfg = Release|Win32
		{C9D1B57F-EF2F-4525-9AAA-9DD67A695859}.Template|Win32.Build.0 = Release|Win32
		{C9D1B57F-EF2F-4525-9AAA-9DD67A695859}.Template|x64.ActiveCfg = Release|Win32
		{C9D1B57F-EF2F-4525-9AAA-9DD67A695859}.Template|x64.Build.0 = Release|Win32
		{785FCF6F-EFE2-4225-9A0B-57AA23F270CD}.Debug|ARM.ActiveCfg = Debug|Win32
		{785FCF6F-EFE2-4225-9A0B-57AA23F270CD}.Debug|Win32.ActiveCfg = Debug|Win32
		{785FCF6F-EFE2-4225-9A0B-57AA23F270CD}.Debug|Win32.Build.0 = Debug|Win32
		{785FCF6F-EFE2-4225-9A0B-57AA23F270CD}.Debug|x64.ActiveCfg = Debug|Win32
		{785FCF6F-EFE2-4225-9A0B-57AA23F270CD}.Debug|x64.Build.0 = Debug|Win32
		{785FCF6F-EFE2-4225-9A0B-57AA23F270CD}.Release|ARM.ActiveCfg = Release|Win32
		{785FCF6F-EFE2-4225-9A0B-57AA23F270CD}.Release|Win32.ActiveCfg = Release|Win32
		{785FCF6F-EFE2-4225-9A0B-57AA23F270CD}.Release|Win32.Build.0 = Release|Win32
		{785FCF6F-EFE2-4225-9A0B-57AA23F270CD}.Release|x64.ActiveCfg = Release|Win32
		{785FCF6F-EFE2-4225-9A0B-57AA23F270CD}.Template|ARM.ActiveCfg = Template|Win32
		{785FCF6F-EFE2-4225-9A0B-57AA23F270CD}.Template|Win32.ActiveCfg = Template|Win32
		{785FCF6F-EFE2-4225-9A0B-57AA23F270CD}.Template|Win32.Build.0 = Template|Win32
		{785FCF6F-EFE2-4225-9A0B-57AA23F270CD}.Template|x64.ActiveCfg = Template|Win32
		{C03B9DE5-458B-409C-BA80-66EA8827FBA6}.Debug|ARM.ActiveCfg = Debug|Win32
		{C03B9DE5-458B-409C-BA80-66EA8827FBA6}.Debug|Win32.ActiveCfg = Debug|Win32
		{C03B9DE5-458B-409C-BA80-66EA8827FBA6}.Debug|Win32.Build.0 = Debug|Win32
		{C03B9DE5-458B-409C-BA80-66EA8827FBA6}.Debug|x64.ActiveCfg = Debug|Win32
		{C03B9DE5-458B-409C-BA80-66EA8827FBA6}.Debug|x64.Build.0 = Debug|Win32
		{C03B9DE5-458B-409C-BA80-66EA8827FBA6}.Release|ARM.ActiveCfg = Release|Win32
		{C03B9DE5-458B-409C-BA80-66EA8827FBA6}.Release|Win32.ActiveCfg = Release|Win32
		{C03B9DE5-458B-409C-BA80-66EA8827FBA6}.Release|Win32.Build.0 = Release|Win32
		{C03B9DE5-458B-409C-BA80-66EA8827FBA6}.Release|x64.ActiveCfg = Release|Win32
		{C03B9DE5-458B-409C-BA80-66EA8827FBA6}.Template|ARM.ActiveCfg = Template|Win32
		{C03B9DE5-458B-409C-BA80-66EA8827FBA6}.Template|Win32.ActiveCfg = Template|Win32
		{C03B9DE5-458B-409C-BA80-66EA8827FBA6}.Template|Win32.Build.0 = Template|Win32
		{C03B9DE5-458B-409C-BA80-66EA8827FBA6}.Template|x64.ActiveCfg = Template|Win32
		{DE7149CB-BD0B-4615-AB7F-7AC492F41127}.Debug|ARM.ActiveCfg = Debug|Win32
		{DE7149CB-BD0B-4615-AB7F-7AC492F41127}.Debug|Win32.ActiveCfg = Debug|Win32
		{DE7149CB-BD0B-4615-AB7F-7AC492F41127}.Debug|Win32.Build.0 = Debug|Win32
		{DE7149CB-BD0B-4615-AB7F-7AC492F41127}.Debug|x64.ActiveCfg = Debug|x64
		{DE7149CB-BD0B-4615-AB7F-7AC492F41127}.Debug|x64.Build.0 = Debug|x64
		{DE7149CB-BD0B-4615-AB7F-7AC492F41127}.Release|ARM.ActiveCfg = Release|Win32
		{DE7149CB-BD0B-4615-AB7F-7AC492F41127}.Release|Win32.ActiveCfg = Release|Win32
		{DE7149CB-BD0B-4615-AB7F-7AC492F41127}.Release|Win32.Build.0 = Release|Win32
		{DE7149CB-BD0B-4615-AB7F-7AC492F41127}.Release|x64.ActiveCfg = Release|x64
		{DE7149CB-BD0B-4615-AB7F-7AC492F41127}.Release|x64.Build.0 = Release|x64
		{DE7149CB-BD0B-4615-AB7F-7AC492F41127}.Template|ARM.ActiveCfg = Release|x64
		{DE7149CB-BD0B-4615-AB7F-7AC492F41127}.Template|ARM.Build.0 = Release|x64
		{DE7149CB-BD0B-4615-AB7F-7AC492F41127}.Template|Win32.ActiveCfg = Release|Win32
		{DE7149CB-BD0B-4615-AB7F-7AC492F41127}.Template|Win32.Build.0 = Release|Win32
		{DE7149CB-BD0B-4615-AB7F-7AC492F41127}.Template|x64.ActiveCfg = Release|x64
		{DE7149CB-BD0B-4615-AB7F-7AC492F41127}.Template|x64.Build.0 = Release|x64
		{403FEC63-8CE0-40DF-9039-8F036AE3973B}.Debug|ARM.ActiveCfg = Debug|Win32
		{403FEC63-8CE0-40DF-9039-8F036AE3973B}.Debug|Win32.ActiveCfg = Debug|Win32
		{403FEC63-8CE0-40DF-9039-8F036AE3973B}.Debug|Win32.Build.0 = Debug|Win32
		{403FEC63-8CE0-40DF-9039-8F036AE3973B}.Debug|x64.ActiveCfg = Debug|x64
		{403FEC63-8CE0-40DF-9039-8F036AE3973B}.Debug|x64.Build.0 = Debug|x64
		{403FEC63-8CE0-40DF-9039-8F036AE3973B}.Release|ARM.ActiveCfg = Release|Win32
		{403FEC63-8CE0-40DF-9039-8F036AE3973B}.Release|Win32.ActiveCfg = Release|Win32
		{403FEC63-8CE0-40DF-9039-8F036AE3973B}.Release|Win32.Build.0 = Release|Win32
		{403FEC63-8CE0-40DF-9039-8F036AE3973B}.Release|x64.ActiveCfg = Release|x64
		{403FEC63-8CE0-40DF-9039-8F036AE3973B}.Release|x64.Build.0 = Release|x64
		{403FEC63-8CE0-40DF-9039-8F036AE3973B}.Template|ARM.ActiveCfg = Release|x64
		{403FEC63-8CE0-40DF-9039-8F036AE3973B}.Template|ARM.Build.0 = Release|x64
		{403FEC63-8CE0-40DF-9039-8F036AE3973B}.Template|Win32.ActiveCfg = Release|Win32
		{403FEC63-8CE0-40DF-9039-8F036AE3973B}.Template|Win32.Build.0 = Release|Win32
		{403FEC63-8CE0-40DF-9039-8F036AE3973B}.Template|x64.ActiveCfg = Release|x64
		{403FEC63-8CE0-40DF-9039-8F036AE3973B}.Template|x64.Build.0 = Release|x64
		{E925F9D0-38E2-438D-8209-06AE8156D861}.Debug|ARM.ActiveCfg = Debug|Win32
		{E925F9D0-38E2-438D-8209-06AE8156D861}.Debug|Win32.ActiveCfg = Debug|Win32
		{E925F9D0-38E2-438D-8209-06AE8156D861}.Debug|Win32.Build.0 = Debug|Win32
		{E925F9D0-38E2-438D-8209-06AE8156D861}.Debug|x64.ActiveCfg = Debug|x64
		{E925F9D0-38E2-438D-8209-06AE8156D861}.Debug|x64.Build.0 = Debug|x64
		{E925F9D0-38E2-438D-8209-06AE8156D861}.Release|ARM.ActiveCfg = Release|Win32
		{E925F9D0-38E2-438D-8209-06AE8156D861}.Release|Win32.ActiveCfg = Release|Win32
		{E925F9D0-38E2-438D-8209-06AE8156D861}.Release|Win32.Build.0 = Release|Win32
		{E925F9D0-38E2-438D-8209-06AE8156D861}.Release|x64.ActiveCfg = Release|x64
		{E925F9D0-38E2-438D-8209-06AE8156D861}.Release|x64.Build.0 = Release|x64
		{E925F9D0-38E2-438D-8209-06AE8156D861}.Template|ARM.ActiveCfg = Release|x64
		{E925F9D0-38E2-438D-8209-06AE8156D861}.Template|ARM.Build.0 = Release|x64
		{E925F9D0-38E2-438D-8209-06AE8156D861}.Template|Win32.ActiveCfg = Release|Win32
		{E925F9D0-38E2-438D-8209-06AE8156D861}.Template|Win32.Build.0 = Release|Win32
		{E925F9D0-38E2-438D-8209-06AE8156D861}.Template|x64.ActiveCfg = Release|x64
		{E925F9D0-38E2-438D-8209-06AE8156D861}.Template|x64.Build.0 = Release|x64
		{2781EE21-77B6-4EFC-8AB7-521FEBB5CB0E}.Debug|ARM.ActiveCfg = Debug|Win32
		{2781EE21-77B6-4EFC-8AB7-521FEBB5CB0E}.Debug|Win32.ActiveCfg = Debug|Win32
		{2781EE21-77B6-4EFC-8AB7-521FEBB5CB0E}.Debug|Win32.Build.0 = Debug|Win32
		{2781EE21-77B6-4EFC-8AB7-521FEBB5CB0E}.Debug|x64.ActiveCfg = Debug|x64
		{2781EE21-77B6-4EFC-8AB7-521FEBB5CB0E}.Debug|x64.Build.0 = Debug|x64
		{2781EE21-77B6-4EFC-8AB7-521FEBB5CB0E}.Release|ARM.ActiveCfg = Release|Win32
		{2781EE21-77B6-4EFC-8AB7-521FEBB5CB0E}.Release|Win32.ActiveCfg = Release|Win32
		{2781EE21-77B6-4EFC-8AB7-521FEBB5CB0E}.Release|Win32.Build.0 = Release|Win32
		{2781EE21-77B6-4EFC-8AB7-521FEBB5CB0E}.Release|x64.ActiveCfg = Release|x64
		{2781EE21-77B6-4EFC-8AB7-521FEBB5CB0E}.Release|x64.Build.0 = Release|x64
		{2781EE21-77B6-4EFC-8AB7-521FEBB5CB0E}.Template|ARM.ActiveCfg = Release|x64
		{2781EE21-77B6-4EFC-8AB7-521FEBB5CB0E}.Template|ARM.Build.0 = Release|x64
		{2781EE21-77B6-4EFC-8AB7-521FEBB5CB0E}.Template|Win32.ActiveCfg = Release|Win32
		{2781EE21-77B6-4EFC-8AB7-521FEBB5CB0E}.Template|Win32.Build.0 = Release|Win32
		{2781EE21-77B6-4EFC-8AB7-521FEBB5CB0E}.Template|x64.ActiveCfg = Release|x64
		{2781EE21-77B6-4EFC-8AB7-521FEBB5CB0E}.Template|x64.Build.0 = Release|x64
		{0833ABDD-D694-4B06-9B09-12555B402AA7}.Debug|ARM.ActiveCfg = Debug|Win32
		{0833ABDD-D694-4B06-9B09-12555B402AA7}.Debug|Win32.ActiveCfg = Debug|Win32
		{0833ABDD-D694-4B06-9B09-12555B402AA7}.Debug|Win32.Build.0 = Debug|Win32
		{0833ABDD-D694-4B06-9B09-12555B402AA7}.Debug|x64.ActiveCfg = Debug|x64
		{0833ABDD-D694-4B06-9B09-12555B402AA7}.Debug|x64.Build.0 = Debug|x64
		{0833ABDD-D694-4B06-9B09-12555B402AA7}.Release|ARM.ActiveCfg = Release|Win32
		{0833ABDD-D694-4B06-9B09-12555B402AA7}.Release|Win32.ActiveCfg = Release|Win32
		{0833ABDD-D694-4B06-9B09-12555B402AA7}.Release|Win32.Build.0 = Release|Win32
		{0833ABDD-D694-4B06-9B09-12555B402AA7}.Release|x64.ActiveCfg = Release|x64
		{0833ABDD-D694-4B06-9B09-12555B402AA7}.Release|x64.Build.0 = Release|x64
		{0833ABDD-D694-4B06-9B09-12555B402AA7}.Template|ARM.ActiveCfg = Release|x64
		{0833ABDD-D694-4B06-9B09-12555B402AA7}.Template|ARM.Build.0 = Release|x64
		{0833ABDD-D694-4B06-9B09-12555B402AA7}.Template|Win32.ActiveCfg = Release|Win32
		{0833ABDD-D694-4B06-9B09-12555B402AA7}.Template|Win32.Build.0 = Release|Win32
		{0833ABDD-D694-4B06-9B09-12555B402AA7}.Template|x64.ActiveCfg = Release|x64
		{0833ABDD-D694-4B06-9B09-12555B402AA7}.Template|x64.Build.0 = Release|x64
		{4A2BACCB-3263-40BB-B5B2-CEBEEF59DCF1}.Debug|ARM.ActiveCfg = Debug|Win32
		{4A2BACCB-3263-40BB-B5B2-CEBEEF59DCF1}.Debug|Win32.ActiveCfg = Debug|Win32
		{4A2BACCB-3263-40BB-B5B2-CEBEEF59DCF1}.Debug|Win32.Build.0 = Debug|Win32
		{4A2BACCB-3263-40BB-B5B2-CEBEEF59DCF1}.Debug|x64.ActiveCfg = Debug|x64
		{4A2BACCB-3263-40BB-B5B2-CEBEEF59DCF1}.Debug|x64.Build.0 = Debug|x64
		{4A2BACCB-3263-40BB-B5B2-CEBEEF59DCF1}.Release|ARM.ActiveCfg = Release|Win32
		{4A2BACCB-3263-40BB-B5B2-CEBEEF59DCF1}.Release|Win32.ActiveCfg = Release|Win32
		{4A2BACCB-3263-40BB-B5B2-CEBEEF59DCF1}.Release|Win32.Build.0 = Release|Win32
		{4A2BACCB-3263-40BB-B5B2-CEBEEF59DCF1}.Release|x64.ActiveCfg = Release|x64
		{4A2BACCB-3263-40BB-B5B2-CEBEEF59DCF1}.Release|x64.Build.0 = Release|x64
		{4A2BACCB-3263-40BB-B5B2-CEBEEF59DCF1}.Template|ARM.ActiveCfg = Release|x64
		{4A2BACCB-3263-40BB-B5B2-CEBEEF59DCF1}.Template|ARM.Build.0 = Release|x64
		{4A2BACCB-3263-40BB-B5B2-CEBEEF59DCF1}.Template|Win32.ActiveCfg = Release|Win32
		{4A2BACCB-3263-40BB-B5B2-CEBEEF59DCF1}.Template|Win32.Build.0 = Release|Win32
		{4A2BACCB-3263-40BB-B5B2-CEBEEF59DCF1}.Template|x64.ActiveCfg = Release|x64
		{4A2BACCB-3263-40BB-B5B2-CEBEEF59DCF1}.Template|x64.Build.0 = Release|x64
		{4756E0ED-D296-49ED-82A5-AAB9C106B717}.Debug|ARM.ActiveCfg = Debug|Win32
		{4756E0ED-D296-49ED-82A5-AAB9C106B717}.Debug|Win32.ActiveCfg = Debug|Win32
		{4756E0ED-D296-49ED-82A5-AAB9C106B717}.Debug|Win32.Build.0 = Debug|Win32
		{4756E0ED-D296-49ED-82A5-AAB9C106B717}.Debug|x64.ActiveCfg = Debug|x64
		{4756E0ED-D296-49ED-82A5-AAB9C106B717}.Debug|x64.Build.0 = Debug|x64
		{4756E0ED-D296-49ED-82A5-AAB9C106B717}.Release|ARM.ActiveCfg = Release|Win32
		{4756E0ED-D296-49ED-82A5-AAB9C106B717}.Release|Win32.ActiveCfg = Release|Win32
		{4756E0ED-D296-49ED-82A5-AAB9C106B717}.Release|Win32.Build.0 = Release|Win32
		{4756E0ED-D296-49ED-82A5-AAB9C106B717}.Release|x64.ActiveCfg = Release|x64
		{4756E0ED-D296-49ED-82A5-AAB9C106B717}.Release|x64.Build.0 = Release|x64
		{4756E0ED-D296-49ED-82A5-AAB9C106B717}.Template|ARM.ActiveCfg = Release|x64
		{4756E0ED-D296-49ED-82A5-AAB9C106B717}.Template|ARM.Build.0 = Release|x64
		{4756E0ED-D296-49ED-82A5-AAB9C106B717}.Template|Win32.ActiveCfg = Release|Win32
		{4756E0ED-D296-49ED-82A5-AAB9C106B717}.Template|Win32.Build.0 = Release|Win32
		{4756E0ED-D296-49ED-82A5-AAB9C106B717}.Template|x64.ActiveCfg = Release|x64
		{4756E0ED-D296-49ED-82A5-AAB9C106B717}.Template|x64.Build.0 = Release|x64
		{4BCE42A2-4346-4352-90AF-1F0134F23A9E}.Debug|ARM.ActiveCfg = Debug|Win32
		{4BCE42A2-4346-4352-90AF-1F0134F23A9E}.Debug|Win32.ActiveCfg = Debug|Win32
		{4BCE42A2-4346-4352-90AF-1F0134F23A9E}.Debug|Win32.Build.0 = Debug|Win32
		{4BCE42A2-4346-4352-90AF-1F0134F23A9E}.Debug|x64.ActiveCfg = Debug|x64
		{4BCE42A2-4346-4352-90AF-1F0134F23A9E}.Debug|x64.Build.0 = Debug|x64
		{4BCE42A2-4346-4352-90AF-1F0134F23A9E}.Release|ARM.ActiveCfg = Release|Win32
		{4BCE42A2-4346-4352-90AF-1F0134F23A9E}.Release|Win32.ActiveCfg = Release|Win32
		{4BCE42A2-4346-4352-90AF-1F0134F23A9E}.Release|Win32.Build.0 = Release|Win32
		{4BCE42A2-4346-4352-90AF-1F0134F23A9E}.Release|x64.ActiveCfg = Release|x64
		{4BCE42A2-4346-4352-90AF-1F0134F23A9E}.Release|x64.Build.0 = Release|x64
		{4BCE42A2-4346-4352-90AF-1F0134F23A9E}.Template|ARM.ActiveCfg = Release|x64
		{4BCE42A2-4346-4352-90AF-1F0134F23A9E}.Template|ARM.Build.0 = Release|x64
		{4BCE42A2-4346-4352-90AF-1F0134F23A9E}.Template|Win32.ActiveCfg = Release|Win32
		{4BCE42A2-4346-4352-90AF-1F0134F23A9E}.Template|Win32.Build.0 = Release|Win32
		{4BCE42A2-4346-4352-90AF-1F0134F23A9E}.Template|x64.ActiveCfg = Release|x64
		{4BCE42A2-4346-4352-90AF-1F0134F23A9E}.Template|x64.Build.0 = Release|x64
		{49A9B603-02D6-40C0-A202-8AB65182FBFD}.Debug|ARM.ActiveCfg = Debug
		{49A9B603-02D6-40C0-A202-8AB65182FBFD}.Debug|Win32.ActiveCfg = Debug
		{49A9B603-02D6-40C0-A202-8AB65182FBFD}.Debug|x64.ActiveCfg = Debug
		{49A9B603-02D6-40C0-A202-8AB65182FBFD}.Debug|x64.Build.0 = Debug
		{49A9B603-02D6-40C0-A202-8AB65182FBFD}.Release|ARM.ActiveCfg = Release
		{49A9B603-02D6-40C0-A202-8AB65182FBFD}.Release|Win32.ActiveCfg = Release
		{49A9B603-02D6-40C0-A202-8AB65182FBFD}.Release|x64.ActiveCfg = Release
		{49A9B603-02D6-40C0-A202-8AB65182FBFD}.Template|ARM.ActiveCfg = Release
		{49A9B603-02D6-40C0-A202-8AB65182FBFD}.Template|Win32.ActiveCfg = Release
		{49A9B603-02D6-40C0-A202-8AB65182FBFD}.Template|x64.ActiveCfg = Release
		{B17BC639-E64F-446C-A4D8-DD74E4A8D4B7}.Debug|ARM.ActiveCfg = Debug|Win32
		{B17BC639-E64F-446C-A4D8-DD74E4A8D4B7}.Debug|Win32.ActiveCfg = Debug|Win32
		{B17BC639-E64F-446C-A4D8-DD74E4A8D4B7}.Debug|Win32.Build.0 = Debug|Win32
		{B17BC639-E64F-446C-A4D8-DD74E4A8D4B7}.Debug|x64.ActiveCfg = Debug|x64
		{B17BC639-E64F-446C-A4D8-DD74E4A8D4B7}.Debug|x64.Build.0 = Debug|x64
		{B17BC639-E64F-446C-A4D8-DD74E4A8D4B7}.Release|ARM.ActiveCfg = Release|Win32
		{B17BC639-E64F-446C-A4D8-DD74E4A8D4B7}.Release|Win32.ActiveCfg = Release|Win32
		{B17BC639-E64F-446C-A4D8-DD74E4A8D4B7}.Release|Win32.Build.0 = Release|Win32
		{B17BC639-E64F-446C-A4D8-DD74E4A8D4B7}.Release|x64.ActiveCfg = Release|x64
		{B17BC639-E64F-446C-A4D8-DD74E4A8D4B7}.Release|x64.Build.0 = Release|x64
		{B17BC639-E64F-446C-A4D8-DD74E4A8D4B7}.Template|ARM.ActiveCfg = Debug|Win32
		{B17BC639-E64F-446C-A4D8-DD74E4A8D4B7}.Template|ARM.Build.0 = Debug|Win32
		{B17BC639-E64F-446C-A4D8-DD74E4A8D4B7}.Template|Win32.ActiveCfg = Debug|Win32
		{B17BC639-E64F-446C-A4D8-DD74E4A8D4B7}.Template|Win32.Build.0 = Debug|Win32
		{B17BC639-E64F-446C-A4D8-DD74E4A8D4B7}.Template|x64.ActiveCfg = Debug|x64
		{B17BC639-E64F-446C-A4D8-DD74E4A8D4B7}.Template|x64.Build.0 = Debug|x64
		{FF0F7BA9-59F8-44FE-BC00-914CA5FB3A56}.Debug|ARM.ActiveCfg = Debug|Win32
		{FF0F7BA9-59F8-44FE-BC00-914CA5FB3A56}.Debug|Win32.ActiveCfg = Debug|Win32
		{FF0F7BA9-59F8-44FE-BC00-914CA5FB3A56}.Debug|Win32.Build.0 = Debug|Win32
		{FF0F7BA9-59F8-44FE-BC00-914CA5FB3A56}.Debug|x64.ActiveCfg = Debug|x64
		{FF0F7BA9-59F8-44FE-BC00-914CA5FB3A56}.Debug|x64.Build.0 = Debug|x64
		{FF0F7BA9-59F8-44FE-BC00-914CA5FB3A56}.Release|ARM.ActiveCfg = Release|Win32
		{FF0F7BA9-59F8-44FE-BC00-914CA5FB3A56}.Release|Win32.ActiveCfg = Release|Win32
		{FF0F7BA9-59F8-44FE-BC00-914CA5FB3A56}.Release|Win32.Build.0 = Release|Win32
		{FF0F7BA9-59F8-44FE-BC00-914CA5FB3A56}.Release|x64.ActiveCfg = Release|x64
		{FF0F7BA9-59F8-44FE-BC00-914CA5FB3A56}.Release|x64.Build.0 = Release|x64
		{FF0F7BA9-59F8-44FE-BC00-914CA5FB3A56}.Template|ARM.ActiveCfg = Debug|Win32
		{FF0F7BA9-59F8-44FE-BC00-914CA5FB3A56}.Template|ARM.Build.0 = Debug|Win32
		{FF0F7BA9-59F8-44FE-BC00-914CA5FB3A56}.Template|Win32.ActiveCfg = Debug|Win32
		{FF0F7BA9-59F8-44FE-BC00-914CA5FB3A56}.Template|Win32.Build.0 = Debug|Win32
		{FF0F7BA9-59F8-44FE-BC00-914CA5FB3A56}.Template|x64.ActiveCfg = Debug|x64
		{FF0F7BA9-59F8-44FE-BC00-914CA5FB3A56}.Template|x64.Build.0 = Debug|x64
		{27ECEAFD-8089-4348-9861-86DA37E02B0D}.Debug|ARM.ActiveCfg = Debug|Win32
		{27ECEAFD-8089-4348-9861-86DA37E02B0D}.Debug|Win32.ActiveCfg = Debug|Win32
		{27ECEAFD-8089-4348-9861-86DA37E02B0D}.Debug|Win32.Build.0 = Debug|Win32
		{27ECEAFD-8089-4348-9861-86DA37E02B0D}.Debug|x64.ActiveCfg = Debug|x64
		{27ECEAFD-8089-4348-9861-86DA37E02B0D}.Debug|x64.Build.0 = Debug|x64
		{27ECEAFD-8089-4348-9861-86DA37E02B0D}.Release|ARM.ActiveCfg = Release|Win32
		{27ECEAFD-8089-4348-9861-86DA37E02B0D}.Release|Win32.ActiveCfg = Release|Win32
		{27ECEAFD-8089-4348-9861-86DA37E02B0D}.Release|Win32.Build.0 = Release|Win32
		{27ECEAFD-8089-4348-9861-86DA37E02B0D}.Release|x64.ActiveCfg = Release|x64
		{27ECEAFD-8089-4348-9861-86DA37E02B0D}.Release|x64.Build.0 = Release|x64
		{27ECEAFD-8089-4348-9861-86DA37E02B0D}.Template|ARM.ActiveCfg = Debug|Win32
		{27ECEAFD-8089-4348-9861-86DA37E02B0D}.Template|ARM.Build.0 = Debug|Win32
		{27ECEAFD-8089-4348-9861-86DA37E02B0D}.Template|Win32.ActiveCfg = Debug|Win32
		{27ECEAFD-8089-4348-9861-86DA37E02B0D}.Template|Win32.Build.0 = Debug|Win32
		{27ECEAFD-8089-4348-9861-86DA37E02B0D}.Template|x64.ActiveCfg = Debug|x64
		{27ECEAFD-8089-4348-9861-86DA37E02B0D}.Template|x64.Build.0 = Debug|x64
		{78CD199D-7F46-4012-8A20-C13E2576EF92}.Debug|ARM.ActiveCfg = Debug|Win32
		{78CD199D-7F46-4012-8A20-C13E2576EF92}.Debug|Win32.ActiveCfg = Debug|Win32
		{78CD199D-7F46-4012-8A20-C13E2576EF92}.Debug|Win32.Build.0 = Debug|Win32
		{78CD199D-7F46-4012-8A20-C13E2576EF92}.Debug|x64.ActiveCfg = Debug|x64
		{78CD199D-7F46-4012-8A20-C13E2576EF92}.Debug|x64.Build.0 = Debug|x64
		{78CD199D-7F46-4012-8A20-C13E2576EF92}.Release|ARM.ActiveCfg = Release|Win32
		{78CD199D-7F46-4012-8A20-C13E2576EF92}.Release|Win32.ActiveCfg = Release|Win32
		{78CD199D-7F46-4012-8A20-C13E2576EF92}.Release|Win32.Build.0 = Release|Win32
		{78CD199D-7F46-4012-8A20-C13E2576EF92}.Release|x64.ActiveCfg = Release|x64
		{78CD199D-7F46-4012-8A20-C13E2576EF92}.Release|x64.Build.0 = Release|x64
		{78CD199D-7F46-4012-8A20-C13E2576EF92}.Template|ARM.ActiveCfg = Debug|Win32
		{78CD199D-7F46-4012-8A20-C13E2576EF92}.Template|ARM.Build.0 = Debug|Win32
		{78CD199D-7F46-4012-8A20-C13E2576EF92}.Template|Win32.ActiveCfg = Debug|Win32
		{78CD199D-7F46-4012-8A20-C13E2576EF92}.Template|Win32.Build.0 = Debug|Win32
		{78CD199D-7F46-4012-8A20-C13E2576EF92}.Template|x64.ActiveCfg = Debug|x64
		{78CD199D-7F46-4012-8A20-C13E2576EF92}.Template|x64.Build.0 = Debug|x64
		{8BAF78A3-B3C5-4D7B-9D87-C30D4975F672}.Debug|ARM.ActiveCfg = Debug
		{8BAF78A3-B3C5-4D7B-9D87-C30D4975F672}.Debug|Win32.ActiveCfg = Debug
		{8BAF78A3-B3C5-4D7B-9D87-C30D4975F672}.Debug|x64.ActiveCfg = Debug
		{8BAF78A3-B3C5-4D7B-9D87-C30D4975F672}.Debug|x64.Build.0 = Debug
		{8BAF78A3-B3C5-4D7B-9D87-C30D4975F672}.Release|ARM.ActiveCfg = Release
		{8BAF78A3-B3C5-4D7B-9D87-C30D4975F672}.Release|Win32.ActiveCfg = Release
		{8BAF78A3-B3C5-4D7B-9D87-C30D4975F672}.Release|x64.ActiveCfg = Release
		{8BAF78A3-B3C5-4D7B-9D87-C30D4975F672}.Template|ARM.ActiveCfg = Debug
		{8BAF78A3-B3C5-4D7B-9D87-C30D4975F672}.Template|Win32.ActiveCfg = Debug
		{8BAF78A3-B3C5-4D7B-9D87-C30D4975F672}.Template|x64.ActiveCfg = Debug
		{A45BC182-407A-4D0C-8772-E9DDCE6E466E}.Debug|ARM.ActiveCfg = Debug|Win32
		{A45BC182-407A-4D0C-8772-E9DDCE6E466E}.Debug|Win32.ActiveCfg = Debug|Win32
		{A45BC182-407A-4D0C-8772-E9DDCE6E466E}.Debug|Win32.Build.0 = Debug|Win32
		{A45BC182-407A-4D0C-8772-E9DDCE6E466E}.Debug|x64.ActiveCfg = Debug|x64
		{A45BC182-407A-4D0C-8772-E9DDCE6E466E}.Debug|x64.Build.0 = Debug|x64
		{A45BC182-407A-4D0C-8772-E9DDCE6E466E}.Release|ARM.ActiveCfg = Release|Win32
		{A45BC182-407A-4D0C-8772-E9DDCE6E466E}.Release|Win32.ActiveCfg = Release|Win32
		{A45BC182-407A-4D0C-8772-E9DDCE6E466E}.Release|Win32.Build.0 = Release|Win32
		{A45BC182-407A-4D0C-8772-E9DDCE6E466E}.Release|x64.ActiveCfg = Release|x64
		{A45BC182-407A-4D0C-8772-E9DDCE6E466E}.Release|x64.Build.0 = Release|x64
		{A45BC182-407A-4D0C-8772-E9DDCE6E466E}.Template|ARM.ActiveCfg = Debug|Win32
		{A45BC182-407A-4D0C-8772-E9DDCE6E466E}.Template|ARM.Build.0 = Debug|Win32
		{A45BC182-407A-4D0C-8772-E9DDCE6E466E}.Template|Win32.ActiveCfg = Debug|Win32
		{A45BC182-407A-4D0C-8772-E9DDCE6E466E}.Template|Win32.Build.0 = Debug|Win32
		{A45BC182-407A-4D0C-8772-E9DDCE6E466E}.Template|x64.ActiveCfg = Debug|x64
		{A45BC182-407A-4D0C-8772-E9DDCE6E466E}.Template|x64.Build.0 = Debug|x64
		{5AF714BC-AE3D-4D06-AB0B-5A2F9AB1EB57}.Debug|ARM.ActiveCfg = Debug|Win32
		{5AF714BC-AE3D-4D06-AB0B-5A2F9AB1EB57}.Debug|Win32.ActiveCfg = Debug|Win32
		{5AF714BC-AE3D-4D06-AB0B-5A2F9AB1EB57}.Debug|Win32.Build.0 = Debug|Win32
		{5AF714BC-AE3D-4D06-AB0B-5A2F9AB1EB57}.Debug|x64.ActiveCfg = Debug|x64
		{5AF714BC-AE3D-4D06-AB0B-5A2F9AB1EB57}.Debug|x64.Build.0 = Debug|x64
		{5AF714BC-AE3D-4D06-AB0B-5A2F9AB1EB57}.Release|ARM.ActiveCfg = Release|Win32
		{5AF714BC-AE3D-4D06-AB0B-5A2F9AB1EB57}.Release|Win32.ActiveCfg = Release|Win32
		{5AF714BC-AE3D-4D06-AB0B-5A2F9AB1EB57}.Release|Win32.Build.0 = Release|Win32
		{5AF714BC-AE3D-4D06-AB0B-5A2F9AB1EB57}.Release|x64.ActiveCfg = Release|x64
		{5AF714BC-AE3D-4D06-AB0B-5A2F9AB1EB57}.Release|x64.Build.0 = Release|x64
		{5AF714BC-AE3D-4D06-AB0B-5A2F9AB1EB57}.Template|ARM.ActiveCfg = Debug|Win32
		{5AF714BC-AE3D-4D06-AB0B-5A2F9AB1EB57}.Template|ARM.Build.0 = Debug|Win32
		{5AF714BC-AE3D-4D06-AB0B-5A2F9AB1EB57}.Template|Win32.ActiveCfg = Debug|Win32
		{5AF714BC-AE3D-4D06-AB0B-5A2F9AB1EB57}.Template|Win32.Build.0 = Debug|Win32
		{5AF714BC-AE3D-4D06-AB0B-5A2F9AB1EB57}.Template|x64.ActiveCfg = Debug|x64
		{5AF714BC-AE3D-4D06-AB0B-5A2F9AB1EB57}.Template|x64.Build.0 = Debug|x64
		{377F1B6E-B5D9-4069-8E26-79BEA26BE55D}.Debug|ARM.ActiveCfg = Debug|Win32
		{377F1B6E-B5D9-4069-8E26-79BEA26BE55D}.Debug|Win32.ActiveCfg = Debug|Win32
		{377F1B6E-B5D9-4069-8E26-79BEA26BE55D}.Debug|Win32.Build.0 = Debug|Win32
		{377F1B6E-B5D9-4069-8E26-79BEA26BE55D}.Debug|x64.ActiveCfg = Debug|x64
		{377F1B6E-B5D9-4069-8E26-79BEA26BE55D}.Debug|x64.Build.0 = Debug|x64
		{377F1B6E-B5D9-4069-8E26-79BEA26BE55D}.Release|ARM.ActiveCfg = Release|Win32
		{377F1B6E-B5D9-4069-8E26-79BEA26BE55D}.Release|Win32.ActiveCfg = Release|Win32
		{377F1B6E-B5D9-4069-8E26-79BEA26BE55D}.Release|Win32.Build.0 = Release|Win32
		{377F1B6E-B5D9-4069-8E26-79BEA26BE55D}.Release|x64.ActiveCfg = Release|x64
		{377F1B6E-B5D9-4069-8E26-79BEA26BE55D}.Release|x64.Build.0 = Release|x64
		{377F1B6E-B5D9-4069-8E26-79BEA26BE55D}.Template|ARM.ActiveCfg = Debug|Win32
		{377F1B6E-B5D9-4069-8E26-79BEA26BE55D}.Template|ARM.Build.0 = Debug|Win32
		{377F1B6E-B5D9-4069-8E26-79BEA26BE55D}.Template|Win32.ActiveCfg = Debug|Win32
		{377F1B6E-B5D9-4069-8E26-79BEA26BE55D}.Template|Win32.Build.0 = Debug|Win32
		{377F1B6E-B5D9-4069-8E26-79BEA26BE55D}.Template|x64.ActiveCfg = Debug|x64
		{377F1B6E-B5D9-4069-8E26-79BEA26BE55D}.Template|x64.Build.0 = Debug|x64
	EndGlobalSection
	GlobalSection(SolutionProperties) = preSolution
		HideSolutionNode = FALSE
	EndGlobalSection
	GlobalSection(ExtensibilityGlobals) = postSolution
		SolutionGuid = {CE3BE89D-F7F2-4F55-AC9B-D6069F9D8B9E}
	EndGlobalSection
EndGlobal
