<?xml version="1.0" encoding="utf-8"?>
<Project ToolsVersion="4.0" xmlns="http://schemas.microsoft.com/developer/msbuild/2003">
  <ItemGroup>
    <Filter Include="Source Files">
      <UniqueIdentifier>{4FC737F1-C7A5-4376-A066-2A32D752A2FF}</UniqueIdentifier>
      <Extensions>cpp;c;cc;cxx;def;odl;idl;hpj;bat;asm;asmx</Extensions>
    </Filter>
    <Filter Include="Header Files">
      <UniqueIdentifier>{93995380-89BD-4b04-88EB-625FBE52EBFB}</UniqueIdentifier>
      <Extensions>h;hh;hpp;hxx;hm;inl;inc;xsd</Extensions>
    </Filter>
    <Filter Include="Resource Files">
      <UniqueIdentifier>{67DA6AB6-F800-4c08-8B7A-83BB121AAD01}</UniqueIdentifier>
      <Extensions>rc;ico;cur;bmp;dlg;rc2;rct;bin;rgs;gif;jpg;jpeg;jpe;resx;tiff;tif;png;wav</Extensions>
    </Filter>
  </ItemGroup>
  <ItemGroup>
    <ClCompile Include="JaStatic.cpp">
      <Filter>Source Files</Filter>
    </ClCompile>
    <ClCompile Include="JaVM.cpp">
      <Filter>Source Files</Filter>
    </ClCompile>
    <ClCompile Include="JaVMDlg.cpp">
      <Filter>Source Files</Filter>
    </ClCompile>
    <ClCompile Include="StdAfx.cpp">
      <Filter>Source Files</Filter>
    </ClCompile>
    <ClCompile Include="VMThread.cpp">
      <Filter>Source Files</Filter>
    </ClCompile>
    <ClCompile Include="JaOpto.cpp">
      <Filter>Source Files</Filter>
    </ClCompile>
    <ClCompile Include="RemoteSocketClient.cpp">
      <Filter>Source Files</Filter>
    </ClCompile>
    <ClCompile Include="RemoteSocketServer.cpp">
      <Filter>Source Files</Filter>
    </ClCompile>
    <ClCompile Include="SockThread.cpp">
      <Filter>Source Files</Filter>
    </ClCompile>
    <ClCompile Include="trace.cpp">
      <Filter>Source Files</Filter>
    </ClCompile>
    <ClCompile Include="VideoSocketServer.cpp">
      <Filter>Source Files</Filter>
    </ClCompile>
    <ClCompile Include="VideoSocketClient.cpp">
      <Filter>Source Files</Filter>
    </ClCompile>
    <ClCompile Include="MBSocketClient.cpp">
      <Filter>Source Files</Filter>
    </ClCompile>
    <ClCompile Include="MBSocketServer.cpp">
      <Filter>Source Files</Filter>
    </ClCompile>
    <ClCompile Include="VMSocketClient.cpp">
      <Filter>Source Files</Filter>
    </ClCompile>
    <ClCompile Include="VMSocketServer.cpp">
      <Filter>Source Files</Filter>
    </ClCompile>
  </ItemGroup>
  <ItemGroup>
    <ClInclude Include="JaStatic.h">
      <Filter>Header Files</Filter>
    </ClInclude>
    <ClInclude Include="JaVM.h">
      <Filter>Header Files</Filter>
    </ClInclude>
    <ClInclude Include="JaVMDlg.h">
      <Filter>Header Files</Filter>
    </ClInclude>
    <ClInclude Include="resource.h">
      <Filter>Header Files</Filter>
    </ClInclude>
    <ClInclude Include="SERVER32.H">
      <Filter>Header Files</Filter>
    </ClInclude>
    <ClInclude Include="StdAfx.h">
      <Filter>Header Files</Filter>
    </ClInclude>
    <ClInclude Include="VMThread.h">
      <Filter>Header Files</Filter>
    </ClInclude>
    <ClInclude Include="JaOpto.h">
      <Filter>Header Files</Filter>
    </ClInclude>
    <ClInclude Include="RemoteSocketClient.h">
      <Filter>Header Files</Filter>
    </ClInclude>
    <ClInclude Include="RemoteSocketServer.h">
      <Filter>Header Files</Filter>
    </ClInclude>
    <ClInclude Include="SockThread.h">
      <Filter>Header Files</Filter>
    </ClInclude>
    <ClInclude Include="..\JaInc\VM_Sock.h">
      <Filter>Header Files</Filter>
    </ClInclude>
    <ClInclude Include="VideoSocketServer.h">
      <Filter>Header Files</Filter>
    </ClInclude>
    <ClInclude Include="..\JaInc\Video_Sock.h">
      <Filter>Header Files</Filter>
    </ClInclude>
    <ClInclude Include="VideoSocketClient.h">
      <Filter>Header Files</Filter>
    </ClInclude>
    <ClInclude Include="MBSocketClient.h">
      <Filter>Header Files</Filter>
    </ClInclude>
    <ClInclude Include="MBSocketServer.h">
      <Filter>Header Files</Filter>
    </ClInclude>
    <ClInclude Include="..\JaInc\VM_Sock.h">
      <Filter>Header Files</Filter>
    </ClInclude>
    <ClInclude Include="VMSocketClient.h">
      <Filter>Header Files</Filter>
    </ClInclude>
    <ClInclude Include="VMSocketServer.h">
      <Filter>Header Files</Filter>
    </ClInclude>
    <ClInclude Include="..\JaInc\MB_Sock.h">
      <Filter>Header Files</Filter>
    </ClInclude>
  </ItemGroup>
  <ItemGroup>
    <ResourceCompile Include="JaVM.rc">
      <Filter>Resource Files</Filter>
    </ResourceCompile>
  </ItemGroup>
  <ItemGroup>
    <None Include="res\JaVM.rc2">
      <Filter>Resource Files</Filter>
    </None>
  </ItemGroup>
  <ItemGroup>
    <Image Include="res\JaVM.ico">
      <Filter>Resource Files</Filter>
    </Image>
    <Image Include="mnhouse7.bmp">
      <Filter>Resource Files</Filter>
    </Image>
    <Image Include="res\GreenSmall.bmp">
      <Filter>Resource Files</Filter>
    </Image>
    <Image Include="res\RedSmall.bmp">
      <Filter>Resource Files</Filter>
    </Image>
  </ItemGroup>
</Project>